PODS:
  - Flutter (1.0.0)
  - HaishinKit (1.5.8):
    - Logboard (~> 2.3.1)
  - Logboard (2.3.1)
  - path_provider_foundation (0.0.1):
    - Flutter
    - FlutterMacOS
  - rtmp_broadcaster (0.0.1):
    - Flutter
    - HaishinKit (~> 1.5.2)
  - video_player_avfoundation (0.0.1):
    - Flutter
  - wakelock (0.0.1):
    - Flutter

DEPENDENCIES:
  - Flutter (from `Flutter`)
  - path_provider_foundation (from `.symlinks/plugins/path_provider_foundation/darwin`)
  - rtmp_broadcaster (from `.symlinks/plugins/rtmp_broadcaster/ios`)
  - video_player_avfoundation (from `.symlinks/plugins/video_player_avfoundation/ios`)
  - wakelock (from `.symlinks/plugins/wakelock/ios`)

SPEC REPOS:
  trunk:
    - HaishinKit
    - Logboard

EXTERNAL SOURCES:
  Flutter:
    :path: Flutter
  path_provider_foundation:
    :path: ".symlinks/plugins/path_provider_foundation/darwin"
  rtmp_broadcaster:
    :path: ".symlinks/plugins/rtmp_broadcaster/ios"
  video_player_avfoundation:
    :path: ".symlinks/plugins/video_player_avfoundation/ios"
  wakelock:
    :path: ".symlinks/plugins/wakelock/ios"

SPEC CHECKSUMS:
  Flutter: f04841e97a9d0b0a8025694d0796dd46242b2854
  HaishinKit: 88ec811972c07b5efe8d0c973d0b93de2e0c10f3
  Logboard: 3d98bb85de6a36b255ab637e8178eb5671c5c3a6
  path_provider_foundation: c68054786f1b4f3343858c1e1d0caaded73f0be9
  rtmp_broadcaster: fa0b9121943582633b2c34f812d9c29bc4929854
  video_player_avfoundation: 6d971a232d72e6ee25368378d48a079dea01f1cf
  wakelock: d0fc7c864128eac40eba1617cb5264d9c940b46f

PODFILE CHECKSUM: 3d89a90682e2cd438911ad748b8ba5992f8b6a0e

COCOAPODS: 1.13.0
